
Microsoft Visual Studio Solution File, Format Version 12.00
# Visual Studio Version 16
VisualStudioVersion = 16.0.31829.152
MinimumVisualStudioVersion = 10.0.40219.1
Project("{FAE04EC0-301F-11D3-BF4B-00C04F79EFBC}") = "SacGoMVC", "SacGoMVC\SacGoMVC.csproj", "{56F0D7D3-23A3-4530-9975-828D18789DD1}"
EndProject
Global
	GlobalSection(SolutionConfigurationPlatforms) = preSolution
		Debug|Any CPU = Debug|Any CPU
		Release|Any CPU = Release|Any CPU
	EndGlobalSection
	GlobalSection(ProjectConfigurationPlatforms) = postSolution
		{56F0D7D3-23A3-4530-9975-828D18789DD1}.Debug|Any CPU.ActiveCfg = Debug|Any CPU
		{56F0D7D3-23A3-4530-9975-828D18789DD1}.Debug|Any CPU.Build.0 = Debug|Any CPU
		{56F0D7D3-23A3-4530-9975-828D18789DD1}.Release|Any CPU.ActiveCfg = Release|Any CPU
		{56F0D7D3-23A3-4530-9975-828D18789DD1}.Release|Any CPU.Build.0 = Release|Any CPU
	EndGlobalSection
	GlobalSection(SolutionProperties) = preSolution
		HideSolutionNode = FALSE
	EndGlobalSection
	GlobalSection(ExtensibilityGlobals) = postSolution
		SolutionGuid = {87A52E77-B847-48EA-86C3-3CDAFC7717A2}
	EndGlobalSection
EndGlobal
